
Microsoft Visual Studio Solution File, Format Version 12.00
# Visual Studio Version 16
VisualStudioVersion = 16.0.30204.135
MinimumVisualStudioVersion = 10.0.40219.1
Project("{FAE04EC0-301F-11D3-BF4B-00C04F79EFBC}") = "demo_splitter", "demo_splitter\demo_splitter.csproj", "{30ECFCD3-BE08-4A68-8839-A492DB50A0E2}"
EndProject
Global
	GlobalSection(SolutionConfigurationPlatforms) = preSolution
		Debug|Any CPU = Debug|Any CPU
		Release|Any CPU = Release|Any CPU
	EndGlobalSection
	GlobalSection(ProjectConfigurationPlatforms) = postSolution
		{30ECFCD3-BE08-4A68-8839-A492DB50A0E2}.Debug|Any CPU.ActiveCfg = Debug|Any CPU
		{30ECFCD3-BE08-4A68-8839-A492DB50A0E2}.Debug|Any CPU.Build.0 = Debug|Any CPU
		{30ECFCD3-BE08-4A68-8839-A492DB50A0E2}.Release|Any CPU.ActiveCfg = Release|Any CPU
		{30ECFCD3-BE08-4A68-8839-A492DB50A0E2}.Release|Any CPU.Build.0 = Release|Any CPU
	EndGlobalSection
	GlobalSection(SolutionProperties) = preSolution
		HideSolutionNode = FALSE
	EndGlobalSection
	GlobalSection(ExtensibilityGlobals) = postSolution
		SolutionGuid = {0C3BC5D5-05A9-452A-A841-B0ED8D613C96}
	EndGlobalSection
EndGlobal
