
Microsoft Visual Studio Solution File, Format Version 12.00
# Visual Studio Version 16
VisualStudioVersion = 16.0.30320.27
MinimumVisualStudioVersion = 10.0.40219.1
Project("{FAE04EC0-301F-11D3-BF4B-00C04F79EFBC}") = "LocalPLC", "LocalPLC\LocalPLC.csproj", "{FECCE9FE-910D-40C1-9B05-E3B00E1417BA}"
EndProject
Project("{FAE04EC0-301F-11D3-BF4B-00C04F79EFBC}") = "ConsoleApp_udp_server", "..\..\c#测试代码\UDP练习\ConsoleApp_udp_server\ConsoleApp_udp_server.csproj", "{A5735CB6-E718-4B61-8357-EA070D2B734F}"
EndProject
Global
	GlobalSection(SolutionConfigurationPlatforms) = preSolution
		Debug|Any CPU = Debug|Any CPU
		Release|Any CPU = Release|Any CPU
	EndGlobalSection
	GlobalSection(ProjectConfigurationPlatforms) = postSolution
		{FECCE9FE-910D-40C1-9B05-E3B00E1417BA}.Debug|Any CPU.ActiveCfg = Debug|Any CPU
		{FECCE9FE-910D-40C1-9B05-E3B00E1417BA}.Debug|Any CPU.Build.0 = Debug|Any CPU
		{FECCE9FE-910D-40C1-9B05-E3B00E1417BA}.Release|Any CPU.ActiveCfg = Release|Any CPU
		{FECCE9FE-910D-40C1-9B05-E3B00E1417BA}.Release|Any CPU.Build.0 = Release|Any CPU
		{A5735CB6-E718-4B61-8357-EA070D2B734F}.Debug|Any CPU.ActiveCfg = Debug|Any CPU
		{A5735CB6-E718-4B61-8357-EA070D2B734F}.Debug|Any CPU.Build.0 = Debug|Any CPU
		{A5735CB6-E718-4B61-8357-EA070D2B734F}.Release|Any CPU.ActiveCfg = Release|Any CPU
		{A5735CB6-E718-4B61-8357-EA070D2B734F}.Release|Any CPU.Build.0 = Release|Any CPU
	EndGlobalSection
	GlobalSection(SolutionProperties) = preSolution
		HideSolutionNode = FALSE
	EndGlobalSection
	GlobalSection(ExtensibilityGlobals) = postSolution
		SolutionGuid = {81377D72-2705-4A03-922D-933EB14E55A5}
	EndGlobalSection
EndGlobal
