
Microsoft Visual Studio Solution File, Format Version 12.00
# Visual Studio Version 16
VisualStudioVersion = 16.0.30204.135
MinimumVisualStudioVersion = 10.0.40219.1
Project("{FAE04EC0-301F-11D3-BF4B-00C04F79EFBC}") = "demo_json", "demo_json\demo_json.csproj", "{3C95B430-9A0E-4647-9873-DE312E1DC55B}"
EndProject
Global
	GlobalSection(SolutionConfigurationPlatforms) = preSolution
		Debug|Any CPU = Debug|Any CPU
		Release|Any CPU = Release|Any CPU
	EndGlobalSection
	GlobalSection(ProjectConfigurationPlatforms) = postSolution
		{3C95B430-9A0E-4647-9873-DE312E1DC55B}.Debug|Any CPU.ActiveCfg = Debug|Any CPU
		{3C95B430-9A0E-4647-9873-DE312E1DC55B}.Debug|Any CPU.Build.0 = Debug|Any CPU
		{3C95B430-9A0E-4647-9873-DE312E1DC55B}.Release|Any CPU.ActiveCfg = Release|Any CPU
		{3C95B430-9A0E-4647-9873-DE312E1DC55B}.Release|Any CPU.Build.0 = Release|Any CPU
	EndGlobalSection
	GlobalSection(SolutionProperties) = preSolution
		HideSolutionNode = FALSE
	EndGlobalSection
	GlobalSection(ExtensibilityGlobals) = postSolution
		SolutionGuid = {65FDF432-6B73-4F4F-83EA-B5ACFB3D9CD3}
	EndGlobalSection
EndGlobal
